// !$*UTF8*$!
{
	archiveVersion = 1;
	classes = {
	};
	objectVersion = 56;
	objects = {

/* Begin PBXBuildFile section */
		E11BEBA92C5D29F2002DE6BA /* NewResourceModel.swift in Sources */ = {isa = PBXBuildFile; fileRef = E11BEBA82C5D29F2002DE6BA /* NewResourceModel.swift */; };
		E11BEBAD2C612DFD002DE6BA /* LocationService.swift in Sources */ = {isa = PBXBuildFile; fileRef = E11BEBAC2C612DFD002DE6BA /* LocationService.swift */; };
		E12BC5A82B4612C8000897E7 /* Community_Resource_FinderApp.swift in Sources */ = {isa = PBXBuildFile; fileRef = E12BC5A72B4612C8000897E7 /* Community_Resource_FinderApp.swift */; };
		E12BC5AA2B4612C8000897E7 /* ContentView.swift in Sources */ = {isa = PBXBuildFile; fileRef = E12BC5A92B4612C8000897E7 /* ContentView.swift */; };
		E12BC5B02B4612CA000897E7 /* Preview Assets.xcassets in Resources */ = {isa = PBXBuildFile; fileRef = E12BC5AF2B4612CA000897E7 /* Preview Assets.xcassets */; };
		E12BC5BA2B4612CA000897E7 /* Philly_Resource_GuideTests.swift in Sources */ = {isa = PBXBuildFile; fileRef = E12BC5B92B4612CA000897E7 /* Philly_Resource_GuideTests.swift */; };
		E12BC5C42B4612CA000897E7 /* Philly_Resource_GuideUITests.swift in Sources */ = {isa = PBXBuildFile; fileRef = E12BC5C32B4612CA000897E7 /* Philly_Resource_GuideUITests.swift */; };
		E12BC5C62B4612CA000897E7 /* Philly_Resource_GuideUITestsLaunchTests.swift in Sources */ = {isa = PBXBuildFile; fileRef = E12BC5C52B4612CA000897E7 /* Philly_Resource_GuideUITestsLaunchTests.swift */; };
		E12BC5DC2B4741D6000897E7 /* largetile.swift in Sources */ = {isa = PBXBuildFile; fileRef = E12BC5DB2B4741D6000897E7 /* largetile.swift */; };
		E12F827E2C645BDB00C186BE /* Philly-Resource-Guide-Info.plist in Resources */ = {isa = PBXBuildFile; fileRef = E12F827D2C645BDB00C186BE /* Philly-Resource-Guide-Info.plist */; };
		E15A7A6B2B75F1840078FB03 /* DetailViewModel.swift in Sources */ = {isa = PBXBuildFile; fileRef = E15A7A6A2B75F1840078FB03 /* DetailViewModel.swift */; };
		E16057302B51A2EA00B68BA5 /* ContactControl.swift in Sources */ = {isa = PBXBuildFile; fileRef = E160572F2B51A2EA00B68BA5 /* ContactControl.swift */; };
		E17451592B4899E6007F4D73 /* MapView.swift in Sources */ = {isa = PBXBuildFile; fileRef = E17451582B4899E6007F4D73 /* MapView.swift */; };
		E17451612B4CF56B007F4D73 /* CommunityResourceModel.swift in Sources */ = {isa = PBXBuildFile; fileRef = E17451602B4CF56B007F4D73 /* CommunityResourceModel.swift */; };
		E17451642B4E11A2007F4D73 /* NetworkManager.swift in Sources */ = {isa = PBXBuildFile; fileRef = E17451632B4E11A2007F4D73 /* NetworkManager.swift */; };
		E17843B92BB0ADBA00E4E3CD /* MapViewModel.swift in Sources */ = {isa = PBXBuildFile; fileRef = E17843B82BB0ADBA00E4E3CD /* MapViewModel.swift */; };
		E1911D5E2B4F869A0000BA2E /* Header.swift in Sources */ = {isa = PBXBuildFile; fileRef = E1911D5D2B4F869A0000BA2E /* Header.swift */; };
		E1B86E2E2C61B722003BBE35 /* IssueReport.swift in Sources */ = {isa = PBXBuildFile; fileRef = E1B86E2D2C61B722003BBE35 /* IssueReport.swift */; };
		E1B86E302C61B76A003BBE35 /* IssueReportViewModel.swift in Sources */ = {isa = PBXBuildFile; fileRef = E1B86E2F2C61B76A003BBE35 /* IssueReportViewModel.swift */; };
		E1CE81762C414B5000F626EC /* Alert.swift in Sources */ = {isa = PBXBuildFile; fileRef = E1CE81752C414B5000F626EC /* Alert.swift */; };
		E1CE81862C445C3700F626EC /* NewResource.swift in Sources */ = {isa = PBXBuildFile; fileRef = E1CE81852C445C3700F626EC /* NewResource.swift */; };
		E1EC42812C645AAC0088B408 /* APError.swift in Sources */ = {isa = PBXBuildFile; fileRef = E1EC42592C645AAC0088B408 /* APError.swift */; };
		E1EC42822C645AAC0088B408 /* CategoryListTile.swift in Sources */ = {isa = PBXBuildFile; fileRef = E1EC425B2C645AAC0088B408 /* CategoryListTile.swift */; };
		E1EC42832C645AAC0088B408 /* ContactButton.swift in Sources */ = {isa = PBXBuildFile; fileRef = E1EC425C2C645AAC0088B408 /* ContactButton.swift */; };
		E1EC42872C645AAC0088B408 /* ListItem.swift in Sources */ = {isa = PBXBuildFile; fileRef = E1EC42602C645AAC0088B408 /* ListItem.swift */; };
		E1EC428C2C645AAC0088B408 /* DetailView.swift in Sources */ = {isa = PBXBuildFile; fileRef = E1EC42682C645AAC0088B408 /* DetailView.swift */; };
		E1EC42902C645AAC0088B408 /* ListView.swift in Sources */ = {isa = PBXBuildFile; fileRef = E1EC426C2C645AAC0088B408 /* ListView.swift */; };
		E1EC42912C645AAC0088B408 /* ListViewModel.swift in Sources */ = {isa = PBXBuildFile; fileRef = E1EC426D2C645AAC0088B408 /* ListViewModel.swift */; };
		E1EC42952C645AAC0088B408 /* NewResourceViewModel.swift in Sources */ = {isa = PBXBuildFile; fileRef = E1EC42712C645AAC0088B408 /* NewResourceViewModel.swift */; };
		E1EC42962C645AAC0088B408 /* ResyView.swift in Sources */ = {isa = PBXBuildFile; fileRef = E1EC42722C645AAC0088B408 /* ResyView.swift */; };
		E1EC42972C645AAC0088B408 /* TileListView.swift in Sources */ = {isa = PBXBuildFile; fileRef = E1EC42732C645AAC0088B408 /* TileListView.swift */; };
		E1EC42982C645AAC0088B408 /* GeocodeService.swift in Sources */ = {isa = PBXBuildFile; fileRef = E1EC42752C645AAC0088B408 /* GeocodeService.swift */; };
		E1EC429B2C645AAC0088B408 /* LoadingView.swift in Sources */ = {isa = PBXBuildFile; fileRef = E1EC42792C645AAC0088B408 /* LoadingView.swift */; };
		E1EC429C2C645AAC0088B408 /* RemoteImage.swift in Sources */ = {isa = PBXBuildFile; fileRef = E1EC427A2C645AAC0088B408 /* RemoteImage.swift */; };
		E1EC429D2C645AAC0088B408 /* Assets.xcassets in Resources */ = {isa = PBXBuildFile; fileRef = E1EC427C2C645AAC0088B408 /* Assets.xcassets */; };
/* End PBXBuildFile section */

/* Begin PBXContainerItemProxy section */
		E12BC5B62B4612CA000897E7 /* PBXContainerItemProxy */ = {
			isa = PBXContainerItemProxy;
			containerPortal = E12BC59C2B4612C8000897E7 /* Project object */;
			proxyType = 1;
			remoteGlobalIDString = E12BC5A32B4612C8000897E7;
			remoteInfo = "Community Resource Guide";
		};
		E12BC5C02B4612CA000897E7 /* PBXContainerItemProxy */ = {
			isa = PBXContainerItemProxy;
			containerPortal = E12BC59C2B4612C8000897E7 /* Project object */;
			proxyType = 1;
			remoteGlobalIDString = E12BC5A32B4612C8000897E7;
			remoteInfo = "Community Resource Guide";
		};
/* End PBXContainerItemProxy section */

/* Begin PBXFileReference section */
		E11BEBA82C5D29F2002DE6BA /* NewResourceModel.swift */ = {isa = PBXFileReference; lastKnownFileType = sourcecode.swift; path = NewResourceModel.swift; sourceTree = "<group>"; };
		E11BEBAA2C5D4322002DE6BA /* NewResourceViewModel.swift */ = {isa = PBXFileReference; lastKnownFileType = sourcecode.swift; path = NewResourceViewModel.swift; sourceTree = "<group>"; };
		E11BEBAC2C612DFD002DE6BA /* LocationService.swift */ = {isa = PBXFileReference; lastKnownFileType = sourcecode.swift; path = LocationService.swift; sourceTree = "<group>"; };
		E12BC5A42B4612C8000897E7 /* Community Resource Guide.app */ = {isa = PBXFileReference; explicitFileType = wrapper.application; includeInIndex = 0; path = "Community Resource Guide.app"; sourceTree = BUILT_PRODUCTS_DIR; };
		E12BC5A72B4612C8000897E7 /* Community_Resource_FinderApp.swift */ = {isa = PBXFileReference; lastKnownFileType = sourcecode.swift; path = Community_Resource_FinderApp.swift; sourceTree = "<group>"; };
		E12BC5A92B4612C8000897E7 /* ContentView.swift */ = {isa = PBXFileReference; lastKnownFileType = sourcecode.swift; path = ContentView.swift; sourceTree = "<group>"; };
		E12BC5AB2B4612CA000897E7 /* Assets.xcassets */ = {isa = PBXFileReference; lastKnownFileType = folder.assetcatalog; path = Assets.xcassets; sourceTree = "<group>"; };
		E12BC5AD2B4612CA000897E7 /* Community_Resource_Finder.entitlements */ = {isa = PBXFileReference; lastKnownFileType = text.plist.entitlements; path = Community_Resource_Finder.entitlements; sourceTree = "<group>"; };
		E12BC5AF2B4612CA000897E7 /* Preview Assets.xcassets */ = {isa = PBXFileReference; lastKnownFileType = folder.assetcatalog; path = "Preview Assets.xcassets"; sourceTree = "<group>"; };
		E12BC5B52B4612CA000897E7 /* Community Resource GuideTests.xctest */ = {isa = PBXFileReference; explicitFileType = wrapper.cfbundle; includeInIndex = 0; path = "Community Resource GuideTests.xctest"; sourceTree = BUILT_PRODUCTS_DIR; };
		E12BC5B92B4612CA000897E7 /* Philly_Resource_GuideTests.swift */ = {isa = PBXFileReference; lastKnownFileType = sourcecode.swift; path = Philly_Resource_GuideTests.swift; sourceTree = "<group>"; };
		E12BC5BF2B4612CA000897E7 /* Community Resource GuideUITests.xctest */ = {isa = PBXFileReference; explicitFileType = wrapper.cfbundle; includeInIndex = 0; path = "Community Resource GuideUITests.xctest"; sourceTree = BUILT_PRODUCTS_DIR; };
		E12BC5C32B4612CA000897E7 /* Philly_Resource_GuideUITests.swift */ = {isa = PBXFileReference; lastKnownFileType = sourcecode.swift; path = Philly_Resource_GuideUITests.swift; sourceTree = "<group>"; };
		E12BC5C52B4612CA000897E7 /* Philly_Resource_GuideUITestsLaunchTests.swift */ = {isa = PBXFileReference; lastKnownFileType = sourcecode.swift; path = Philly_Resource_GuideUITestsLaunchTests.swift; sourceTree = "<group>"; };
		E12BC5D22B4613BB000897E7 /* CategoryListTile.swift */ = {isa = PBXFileReference; lastKnownFileType = sourcecode.swift; path = CategoryListTile.swift; sourceTree = "<group>"; };
		E12BC5DB2B4741D6000897E7 /* largetile.swift */ = {isa = PBXFileReference; lastKnownFileType = sourcecode.swift; path = largetile.swift; sourceTree = "<group>"; };
		E12F827D2C645BDB00C186BE /* Philly-Resource-Guide-Info.plist */ = {isa = PBXFileReference; fileEncoding = 4; lastKnownFileType = text.plist.xml; path = "Philly-Resource-Guide-Info.plist"; sourceTree = SOURCE_ROOT; };
		E13BF4C72C52D83400979B81 /* ResyView.swift */ = {isa = PBXFileReference; lastKnownFileType = sourcecode.swift; path = ResyView.swift; sourceTree = "<group>"; };
		E15A7A6A2B75F1840078FB03 /* DetailViewModel.swift */ = {isa = PBXFileReference; lastKnownFileType = sourcecode.swift; path = DetailViewModel.swift; sourceTree = "<group>"; };
		E160572F2B51A2EA00B68BA5 /* ContactControl.swift */ = {isa = PBXFileReference; lastKnownFileType = sourcecode.swift; path = ContactControl.swift; sourceTree = "<group>"; };
		E17451582B4899E6007F4D73 /* MapView.swift */ = {isa = PBXFileReference; lastKnownFileType = sourcecode.swift; path = MapView.swift; sourceTree = "<group>"; };
		E174515A2B489DEB007F4D73 /* ListView.swift */ = {isa = PBXFileReference; lastKnownFileType = sourcecode.swift; path = ListView.swift; sourceTree = "<group>"; };
		E17451602B4CF56B007F4D73 /* CommunityResourceModel.swift */ = {isa = PBXFileReference; lastKnownFileType = sourcecode.swift; path = CommunityResourceModel.swift; sourceTree = "<group>"; };
		E17451632B4E11A2007F4D73 /* NetworkManager.swift */ = {isa = PBXFileReference; lastKnownFileType = sourcecode.swift; path = NetworkManager.swift; sourceTree = "<group>"; };
		E174C1212C17A1D8001A792C /* ListItem.swift */ = {isa = PBXFileReference; lastKnownFileType = sourcecode.swift; path = ListItem.swift; sourceTree = "<group>"; };
		E17843B82BB0ADBA00E4E3CD /* MapViewModel.swift */ = {isa = PBXFileReference; lastKnownFileType = sourcecode.swift; path = MapViewModel.swift; sourceTree = "<group>"; };
		E1911D5D2B4F869A0000BA2E /* Header.swift */ = {isa = PBXFileReference; lastKnownFileType = sourcecode.swift; path = Header.swift; sourceTree = "<group>"; };
		E1911D5F2B4FA09A0000BA2E /* DetailView.swift */ = {isa = PBXFileReference; lastKnownFileType = sourcecode.swift; path = DetailView.swift; sourceTree = "<group>"; };
		E1AB636F2B683AC300C3E01F /* ListViewModel.swift */ = {isa = PBXFileReference; lastKnownFileType = sourcecode.swift; path = ListViewModel.swift; sourceTree = "<group>"; };
		E1B86E2D2C61B722003BBE35 /* IssueReport.swift */ = {isa = PBXFileReference; lastKnownFileType = sourcecode.swift; path = IssueReport.swift; sourceTree = "<group>"; };
		E1B86E2F2C61B76A003BBE35 /* IssueReportViewModel.swift */ = {isa = PBXFileReference; lastKnownFileType = sourcecode.swift; path = IssueReportViewModel.swift; sourceTree = "<group>"; };
		E1CE81752C414B5000F626EC /* Alert.swift */ = {isa = PBXFileReference; lastKnownFileType = sourcecode.swift; path = Alert.swift; sourceTree = "<group>"; };
		E1CE817B2C414D0600F626EC /* APError.swift */ = {isa = PBXFileReference; fileEncoding = 4; lastKnownFileType = sourcecode.swift; path = APError.swift; sourceTree = "<group>"; };
		E1CE817D2C41B5A700F626EC /* LoadingView.swift */ = {isa = PBXFileReference; lastKnownFileType = sourcecode.swift; path = LoadingView.swift; sourceTree = "<group>"; };
		E1CE81812C43080E00F626EC /* RemoteImage.swift */ = {isa = PBXFileReference; lastKnownFileType = sourcecode.swift; path = RemoteImage.swift; sourceTree = "<group>"; };
		E1CE81832C430B9F00F626EC /* TileListView.swift */ = {isa = PBXFileReference; lastKnownFileType = sourcecode.swift; path = TileListView.swift; sourceTree = "<group>"; };
		E1CE81852C445C3700F626EC /* NewResource.swift */ = {isa = PBXFileReference; lastKnownFileType = sourcecode.swift; path = NewResource.swift; sourceTree = "<group>"; };
		E1D19F1E2BA8C2CA0069F4D2 /* ContactButton.swift */ = {isa = PBXFileReference; lastKnownFileType = sourcecode.swift; path = ContactButton.swift; sourceTree = "<group>"; };
		E1EC42582C645AAC0088B408 /* Alert.swift */ = {isa = PBXFileReference; fileEncoding = 4; lastKnownFileType = sourcecode.swift; path = Alert.swift; sourceTree = "<group>"; };
		E1EC42592C645AAC0088B408 /* APError.swift */ = {isa = PBXFileReference; fileEncoding = 4; lastKnownFileType = sourcecode.swift; path = APError.swift; sourceTree = "<group>"; };
		E1EC425B2C645AAC0088B408 /* CategoryListTile.swift */ = {isa = PBXFileReference; fileEncoding = 4; lastKnownFileType = sourcecode.swift; path = CategoryListTile.swift; sourceTree = "<group>"; };
		E1EC425C2C645AAC0088B408 /* ContactButton.swift */ = {isa = PBXFileReference; fileEncoding = 4; lastKnownFileType = sourcecode.swift; path = ContactButton.swift; sourceTree = "<group>"; };
		E1EC425D2C645AAC0088B408 /* ContactControl.swift */ = {isa = PBXFileReference; fileEncoding = 4; lastKnownFileType = sourcecode.swift; path = ContactControl.swift; sourceTree = "<group>"; };
		E1EC425E2C645AAC0088B408 /* Header.swift */ = {isa = PBXFileReference; fileEncoding = 4; lastKnownFileType = sourcecode.swift; path = Header.swift; sourceTree = "<group>"; };
		E1EC425F2C645AAC0088B408 /* largetile.swift */ = {isa = PBXFileReference; fileEncoding = 4; lastKnownFileType = sourcecode.swift; path = largetile.swift; sourceTree = "<group>"; };
		E1EC42602C645AAC0088B408 /* ListItem.swift */ = {isa = PBXFileReference; fileEncoding = 4; lastKnownFileType = sourcecode.swift; path = ListItem.swift; sourceTree = "<group>"; };
		E1EC42622C645AAC0088B408 /* CommunityResourceModel.swift */ = {isa = PBXFileReference; fileEncoding = 4; lastKnownFileType = sourcecode.swift; path = CommunityResourceModel.swift; sourceTree = "<group>"; };
		E1EC42632C645AAC0088B408 /* NewResourceModel.swift */ = {isa = PBXFileReference; fileEncoding = 4; lastKnownFileType = sourcecode.swift; path = NewResourceModel.swift; sourceTree = "<group>"; };
		E1EC42652C645AAC0088B408 /* Preview Assets.xcassets */ = {isa = PBXFileReference; lastKnownFileType = folder.assetcatalog; path = "Preview Assets.xcassets"; sourceTree = "<group>"; };
		E1EC42672C645AAC0088B408 /* ContentView.swift */ = {isa = PBXFileReference; fileEncoding = 4; lastKnownFileType = sourcecode.swift; path = ContentView.swift; sourceTree = "<group>"; };
		E1EC42682C645AAC0088B408 /* DetailView.swift */ = {isa = PBXFileReference; fileEncoding = 4; lastKnownFileType = sourcecode.swift; path = DetailView.swift; sourceTree = "<group>"; };
		E1EC42692C645AAC0088B408 /* DetailViewModel.swift */ = {isa = PBXFileReference; fileEncoding = 4; lastKnownFileType = sourcecode.swift; path = DetailViewModel.swift; sourceTree = "<group>"; };
		E1EC426A2C645AAC0088B408 /* IssueReport.swift */ = {isa = PBXFileReference; fileEncoding = 4; lastKnownFileType = sourcecode.swift; path = IssueReport.swift; sourceTree = "<group>"; };
		E1EC426B2C645AAC0088B408 /* IssueReportViewModel.swift */ = {isa = PBXFileReference; fileEncoding = 4; lastKnownFileType = sourcecode.swift; path = IssueReportViewModel.swift; sourceTree = "<group>"; };
		E1EC426C2C645AAC0088B408 /* ListView.swift */ = {isa = PBXFileReference; fileEncoding = 4; lastKnownFileType = sourcecode.swift; path = ListView.swift; sourceTree = "<group>"; };
		E1EC426D2C645AAC0088B408 /* ListViewModel.swift */ = {isa = PBXFileReference; fileEncoding = 4; lastKnownFileType = sourcecode.swift; path = ListViewModel.swift; sourceTree = "<group>"; };
		E1EC426E2C645AAC0088B408 /* MapView.swift */ = {isa = PBXFileReference; fileEncoding = 4; lastKnownFileType = sourcecode.swift; path = MapView.swift; sourceTree = "<group>"; };
		E1EC426F2C645AAC0088B408 /* MapViewModel.swift */ = {isa = PBXFileReference; fileEncoding = 4; lastKnownFileType = sourcecode.swift; path = MapViewModel.swift; sourceTree = "<group>"; };
		E1EC42702C645AAC0088B408 /* NewResource.swift */ = {isa = PBXFileReference; fileEncoding = 4; lastKnownFileType = sourcecode.swift; path = NewResource.swift; sourceTree = "<group>"; };
		E1EC42712C645AAC0088B408 /* NewResourceViewModel.swift */ = {isa = PBXFileReference; fileEncoding = 4; lastKnownFileType = sourcecode.swift; path = NewResourceViewModel.swift; sourceTree = "<group>"; };
		E1EC42722C645AAC0088B408 /* ResyView.swift */ = {isa = PBXFileReference; fileEncoding = 4; lastKnownFileType = sourcecode.swift; path = ResyView.swift; sourceTree = "<group>"; };
		E1EC42732C645AAC0088B408 /* TileListView.swift */ = {isa = PBXFileReference; fileEncoding = 4; lastKnownFileType = sourcecode.swift; path = TileListView.swift; sourceTree = "<group>"; };
		E1EC42752C645AAC0088B408 /* GeocodeService.swift */ = {isa = PBXFileReference; fileEncoding = 4; lastKnownFileType = sourcecode.swift; path = GeocodeService.swift; sourceTree = "<group>"; };
		E1EC42762C645AAC0088B408 /* LocationService.swift */ = {isa = PBXFileReference; fileEncoding = 4; lastKnownFileType = sourcecode.swift; path = LocationService.swift; sourceTree = "<group>"; };
		E1EC42772C645AAC0088B408 /* NetworkManager.swift */ = {isa = PBXFileReference; fileEncoding = 4; lastKnownFileType = sourcecode.swift; path = NetworkManager.swift; sourceTree = "<group>"; };
		E1EC42792C645AAC0088B408 /* LoadingView.swift */ = {isa = PBXFileReference; fileEncoding = 4; lastKnownFileType = sourcecode.swift; path = LoadingView.swift; sourceTree = "<group>"; };
		E1EC427A2C645AAC0088B408 /* RemoteImage.swift */ = {isa = PBXFileReference; fileEncoding = 4; lastKnownFileType = sourcecode.swift; path = RemoteImage.swift; sourceTree = "<group>"; };
		E1EC427C2C645AAC0088B408 /* Assets.xcassets */ = {isa = PBXFileReference; lastKnownFileType = folder.assetcatalog; path = Assets.xcassets; sourceTree = "<group>"; };
		E1EC427D2C645AAC0088B408 /* Community_Resource_Finder.entitlements */ = {isa = PBXFileReference; fileEncoding = 4; lastKnownFileType = text.plist.entitlements; path = Community_Resource_Finder.entitlements; sourceTree = "<group>"; };
		E1EC427E2C645AAC0088B408 /* Community_Resource_FinderApp.swift */ = {isa = PBXFileReference; fileEncoding = 4; lastKnownFileType = sourcecode.swift; path = Community_Resource_FinderApp.swift; sourceTree = "<group>"; };
		E1F0D6142B5337F7005B5FA0 /* GeocodeService.swift */ = {isa = PBXFileReference; lastKnownFileType = sourcecode.swift; path = GeocodeService.swift; sourceTree = "<group>"; };
/* End PBXFileReference section */

/* Begin PBXFrameworksBuildPhase section */
		E12BC5A12B4612C8000897E7 /* Frameworks */ = {
			isa = PBXFrameworksBuildPhase;
			buildActionMask = 2147483647;
			files = (
			);
			runOnlyForDeploymentPostprocessing = 0;
		};
		E12BC5B22B4612CA000897E7 /* Frameworks */ = {
			isa = PBXFrameworksBuildPhase;
			buildActionMask = 2147483647;
			files = (
			);
			runOnlyForDeploymentPostprocessing = 0;
		};
		E12BC5BC2B4612CA000897E7 /* Frameworks */ = {
			isa = PBXFrameworksBuildPhase;
			buildActionMask = 2147483647;
			files = (
			);
			runOnlyForDeploymentPostprocessing = 0;
		};
/* End PBXFrameworksBuildPhase section */

/* Begin PBXGroup section */
		E12BC59B2B4612C8000897E7 = {
			isa = PBXGroup;
			children = (
				E12BC5A62B4612C8000897E7 /* Philly Resource Guide */,
				E12BC5B82B4612CA000897E7 /* PhillyResourceGuideTests */,
				E12BC5C22B4612CA000897E7 /* Philly Resource GuideUITests */,
				E12BC5A52B4612C8000897E7 /* Products */,
			);
			sourceTree = "<group>";
		};
		E12BC5A52B4612C8000897E7 /* Products */ = {
			isa = PBXGroup;
			children = (
				E12BC5A42B4612C8000897E7 /* Community Resource Guide.app */,
				E12BC5B52B4612CA000897E7 /* Community Resource GuideTests.xctest */,
				E12BC5BF2B4612CA000897E7 /* Community Resource GuideUITests.xctest */,
			);
			name = Products;
			sourceTree = "<group>";
		};
		E12BC5A62B4612C8000897E7 /* Philly Resource Guide */ = {
			isa = PBXGroup;
			children = (
				E12F827D2C645BDB00C186BE /* Philly-Resource-Guide-Info.plist */,
				E1EC427F2C645AAC0088B408 /* Philly Resource Guide */,
				E174515C2B4CF447007F4D73 /* Model */,
				E1CE81742C414A0D00F626EC /* Alert */,
				E17451622B4E118F007F4D73 /* Services */,
				E174515D2B4CF452007F4D73 /* View */,
				E1CE81802C4307AA00F626EC /* Screens */,
				E17451572B4838FB007F4D73 /* Controls */,
				E12BC5A72B4612C8000897E7 /* Community_Resource_FinderApp.swift */,
				E12BC5AB2B4612CA000897E7 /* Assets.xcassets */,
				E12BC5AD2B4612CA000897E7 /* Community_Resource_Finder.entitlements */,
				E12BC5AE2B4612CA000897E7 /* Preview Content */,
			);
			path = "Philly Resource Guide";
			sourceTree = "<group>";
		};
		E12BC5AE2B4612CA000897E7 /* Preview Content */ = {
			isa = PBXGroup;
			children = (
				E12BC5AF2B4612CA000897E7 /* Preview Assets.xcassets */,
			);
			path = "Preview Content";
			sourceTree = "<group>";
		};
		E12BC5B82B4612CA000897E7 /* PhillyResourceGuideTests */ = {
			isa = PBXGroup;
			children = (
				E12BC5B92B4612CA000897E7 /* Philly_Resource_GuideTests.swift */,
			);
			path = PhillyResourceGuideTests;
			sourceTree = "<group>";
		};
		E12BC5C22B4612CA000897E7 /* Philly Resource GuideUITests */ = {
			isa = PBXGroup;
			children = (
				E12BC5C32B4612CA000897E7 /* Philly_Resource_GuideUITests.swift */,
				E12BC5C52B4612CA000897E7 /* Philly_Resource_GuideUITestsLaunchTests.swift */,
			);
			path = "Philly Resource GuideUITests";
			sourceTree = "<group>";
		};
		E17451572B4838FB007F4D73 /* Controls */ = {
			isa = PBXGroup;
			children = (
				E12BC5DB2B4741D6000897E7 /* largetile.swift */,
				E174C1212C17A1D8001A792C /* ListItem.swift */,
				E12BC5D22B4613BB000897E7 /* CategoryListTile.swift */,
				E1911D5D2B4F869A0000BA2E /* Header.swift */,
				E160572F2B51A2EA00B68BA5 /* ContactControl.swift */,
				E1D19F1E2BA8C2CA0069F4D2 /* ContactButton.swift */,
			);
			path = Controls;
			sourceTree = "<group>";
		};
		E174515C2B4CF447007F4D73 /* Model */ = {
			isa = PBXGroup;
			children = (
				E17451602B4CF56B007F4D73 /* CommunityResourceModel.swift */,
				E11BEBA82C5D29F2002DE6BA /* NewResourceModel.swift */,
			);
			path = Model;
			sourceTree = "<group>";
		};
		E174515D2B4CF452007F4D73 /* View */ = {
			isa = PBXGroup;
			children = (
				E1CE817D2C41B5A700F626EC /* LoadingView.swift */,
				E1CE81812C43080E00F626EC /* RemoteImage.swift */,
			);
			path = View;
			sourceTree = "<group>";
		};
		E17451622B4E118F007F4D73 /* Services */ = {
			isa = PBXGroup;
			children = (
				E17451632B4E11A2007F4D73 /* NetworkManager.swift */,
				E1F0D6142B5337F7005B5FA0 /* GeocodeService.swift */,
				E11BEBAC2C612DFD002DE6BA /* LocationService.swift */,
			);
			path = Services;
			sourceTree = "<group>";
		};
		E1CE81742C414A0D00F626EC /* Alert */ = {
			isa = PBXGroup;
			children = (
				E1CE817B2C414D0600F626EC /* APError.swift */,
				E1CE81752C414B5000F626EC /* Alert.swift */,
			);
			path = Alert;
			sourceTree = "<group>";
		};
		E1CE81802C4307AA00F626EC /* Screens */ = {
			isa = PBXGroup;
			children = (
				E12BC5A92B4612C8000897E7 /* ContentView.swift */,
				E1AB636F2B683AC300C3E01F /* ListViewModel.swift */,
				E174515A2B489DEB007F4D73 /* ListView.swift */,
				E15A7A6A2B75F1840078FB03 /* DetailViewModel.swift */,
				E1911D5F2B4FA09A0000BA2E /* DetailView.swift */,
				E17843B82BB0ADBA00E4E3CD /* MapViewModel.swift */,
				E17451582B4899E6007F4D73 /* MapView.swift */,
				E1CE81832C430B9F00F626EC /* TileListView.swift */,
				E13BF4C72C52D83400979B81 /* ResyView.swift */,
				E11BEBAA2C5D4322002DE6BA /* NewResourceViewModel.swift */,
				E1CE81852C445C3700F626EC /* NewResource.swift */,
				E1B86E2F2C61B76A003BBE35 /* IssueReportViewModel.swift */,
				E1B86E2D2C61B722003BBE35 /* IssueReport.swift */,
			);
			path = Screens;
			sourceTree = "<group>";
		};
		E1EC425A2C645AAC0088B408 /* Alert */ = {
			isa = PBXGroup;
			children = (
				E1EC42582C645AAC0088B408 /* Alert.swift */,
				E1EC42592C645AAC0088B408 /* APError.swift */,
			);
			path = Alert;
			sourceTree = "<group>";
		};
		E1EC42612C645AAC0088B408 /* Controls */ = {
			isa = PBXGroup;
			children = (
				E1EC425B2C645AAC0088B408 /* CategoryListTile.swift */,
				E1EC425C2C645AAC0088B408 /* ContactButton.swift */,
				E1EC425D2C645AAC0088B408 /* ContactControl.swift */,
				E1EC425E2C645AAC0088B408 /* Header.swift */,
				E1EC425F2C645AAC0088B408 /* largetile.swift */,
				E1EC42602C645AAC0088B408 /* ListItem.swift */,
			);
			path = Controls;
			sourceTree = "<group>";
		};
		E1EC42642C645AAC0088B408 /* Model */ = {
			isa = PBXGroup;
			children = (
				E1EC42622C645AAC0088B408 /* CommunityResourceModel.swift */,
				E1EC42632C645AAC0088B408 /* NewResourceModel.swift */,
			);
			path = Model;
			sourceTree = "<group>";
		};
		E1EC42662C645AAC0088B408 /* Preview Content */ = {
			isa = PBXGroup;
			children = (
				E1EC42652C645AAC0088B408 /* Preview Assets.xcassets */,
			);
			path = "Preview Content";
			sourceTree = "<group>";
		};
		E1EC42742C645AAC0088B408 /* Screens */ = {
			isa = PBXGroup;
			children = (
				E1EC42672C645AAC0088B408 /* ContentView.swift */,
				E1EC42682C645AAC0088B408 /* DetailView.swift */,
				E1EC42692C645AAC0088B408 /* DetailViewModel.swift */,
				E1EC426A2C645AAC0088B408 /* IssueReport.swift */,
				E1EC426B2C645AAC0088B408 /* IssueReportViewModel.swift */,
				E1EC426C2C645AAC0088B408 /* ListView.swift */,
				E1EC426D2C645AAC0088B408 /* ListViewModel.swift */,
				E1EC426E2C645AAC0088B408 /* MapView.swift */,
				E1EC426F2C645AAC0088B408 /* MapViewModel.swift */,
				E1EC42702C645AAC0088B408 /* NewResource.swift */,
				E1EC42712C645AAC0088B408 /* NewResourceViewModel.swift */,
				E1EC42722C645AAC0088B408 /* ResyView.swift */,
				E1EC42732C645AAC0088B408 /* TileListView.swift */,
			);
			path = Screens;
			sourceTree = "<group>";
		};
		E1EC42782C645AAC0088B408 /* Services */ = {
			isa = PBXGroup;
			children = (
				E1EC42752C645AAC0088B408 /* GeocodeService.swift */,
				E1EC42762C645AAC0088B408 /* LocationService.swift */,
				E1EC42772C645AAC0088B408 /* NetworkManager.swift */,
			);
			path = Services;
			sourceTree = "<group>";
		};
		E1EC427B2C645AAC0088B408 /* View */ = {
			isa = PBXGroup;
			children = (
				E1EC42792C645AAC0088B408 /* LoadingView.swift */,
				E1EC427A2C645AAC0088B408 /* RemoteImage.swift */,
			);
			path = View;
			sourceTree = "<group>";
		};
		E1EC427F2C645AAC0088B408 /* Philly Resource Guide */ = {
			isa = PBXGroup;
			children = (
				E1EC425A2C645AAC0088B408 /* Alert */,
				E1EC42612C645AAC0088B408 /* Controls */,
				E1EC42642C645AAC0088B408 /* Model */,
				E1EC42662C645AAC0088B408 /* Preview Content */,
				E1EC42742C645AAC0088B408 /* Screens */,
				E1EC42782C645AAC0088B408 /* Services */,
				E1EC427B2C645AAC0088B408 /* View */,
				E1EC427C2C645AAC0088B408 /* Assets.xcassets */,
				E1EC427D2C645AAC0088B408 /* Community_Resource_Finder.entitlements */,
				E1EC427E2C645AAC0088B408 /* Community_Resource_FinderApp.swift */,
			);
			name = "Philly Resource Guide";
			sourceTree = "<group>";
		};
/* End PBXGroup section */

/* Begin PBXNativeTarget section */
		E12BC5A32B4612C8000897E7 /* Community Resource Guide */ = {
			isa = PBXNativeTarget;
			buildConfigurationList = E12BC5C92B4612CA000897E7 /* Build configuration list for PBXNativeTarget "Community Resource Guide" */;
			buildPhases = (
				E12BC5A02B4612C8000897E7 /* Sources */,
				E12BC5A12B4612C8000897E7 /* Frameworks */,
				E12BC5A22B4612C8000897E7 /* Resources */,
			);
			buildRules = (
			);
			dependencies = (
			);
			name = "Community Resource Guide";
			productName = "Community Resource Guide";
			productReference = E12BC5A42B4612C8000897E7 /* Community Resource Guide.app */;
			productType = "com.apple.product-type.application";
		};
		E12BC5B42B4612CA000897E7 /* Community Resource GuideTests */ = {
			isa = PBXNativeTarget;
			buildConfigurationList = E12BC5CC2B4612CA000897E7 /* Build configuration list for PBXNativeTarget "Community Resource GuideTests" */;
			buildPhases = (
				E12BC5B12B4612CA000897E7 /* Sources */,
				E12BC5B22B4612CA000897E7 /* Frameworks */,
				E12BC5B32B4612CA000897E7 /* Resources */,
			);
			buildRules = (
			);
			dependencies = (
				E12BC5B72B4612CA000897E7 /* PBXTargetDependency */,
			);
			name = "Community Resource GuideTests";
			productName = "Community Resource GuideTests";
			productReference = E12BC5B52B4612CA000897E7 /* Community Resource GuideTests.xctest */;
			productType = "com.apple.product-type.bundle.unit-test";
		};
		E12BC5BE2B4612CA000897E7 /* Community Resource GuideUITests */ = {
			isa = PBXNativeTarget;
			buildConfigurationList = E12BC5CF2B4612CA000897E7 /* Build configuration list for PBXNativeTarget "Community Resource GuideUITests" */;
			buildPhases = (
				E12BC5BB2B4612CA000897E7 /* Sources */,
				E12BC5BC2B4612CA000897E7 /* Frameworks */,
				E12BC5BD2B4612CA000897E7 /* Resources */,
			);
			buildRules = (
			);
			dependencies = (
				E12BC5C12B4612CA000897E7 /* PBXTargetDependency */,
			);
			name = "Community Resource GuideUITests";
			productName = "Community Resource GuideUITests";
			productReference = E12BC5BF2B4612CA000897E7 /* Community Resource GuideUITests.xctest */;
			productType = "com.apple.product-type.bundle.ui-testing";
		};
/* End PBXNativeTarget section */

/* Begin PBXProject section */
		E12BC59C2B4612C8000897E7 /* Project object */ = {
			isa = PBXProject;
			attributes = {
				BuildIndependentTargetsInParallel = 1;
				LastSwiftUpdateCheck = 1500;
				LastUpgradeCheck = 1540;
				TargetAttributes = {
					E12BC5A32B4612C8000897E7 = {
						CreatedOnToolsVersion = 15.0;
					};
					E12BC5B42B4612CA000897E7 = {
						CreatedOnToolsVersion = 15.0;
						TestTargetID = E12BC5A32B4612C8000897E7;
					};
					E12BC5BE2B4612CA000897E7 = {
						CreatedOnToolsVersion = 15.0;
						TestTargetID = E12BC5A32B4612C8000897E7;
					};
				};
			};
			buildConfigurationList = E12BC59F2B4612C8000897E7 /* Build configuration list for PBXProject "Philly Resource Guide" */;
			compatibilityVersion = "Xcode 14.0";
			developmentRegion = en;
			hasScannedForEncodings = 0;
			knownRegions = (
				en,
				Base,
			);
			mainGroup = E12BC59B2B4612C8000897E7;
			productRefGroup = E12BC5A52B4612C8000897E7 /* Products */;
			projectDirPath = "";
			projectRoot = "";
			targets = (
				E12BC5A32B4612C8000897E7 /* Community Resource Guide */,
				E12BC5B42B4612CA000897E7 /* Community Resource GuideTests */,
				E12BC5BE2B4612CA000897E7 /* Community Resource GuideUITests */,
			);
		};
/* End PBXProject section */

/* Begin PBXResourcesBuildPhase section */
		E12BC5A22B4612C8000897E7 /* Resources */ = {
			isa = PBXResourcesBuildPhase;
			buildActionMask = 2147483647;
			files = (
				E12F827E2C645BDB00C186BE /* Philly-Resource-Guide-Info.plist in Resources */,
				E12BC5B02B4612CA000897E7 /* Preview Assets.xcassets in Resources */,
				E1EC429D2C645AAC0088B408 /* Assets.xcassets in Resources */,
			);
			runOnlyForDeploymentPostprocessing = 0;
		};
		E12BC5B32B4612CA000897E7 /* Resources */ = {
			isa = PBXResourcesBuildPhase;
			buildActionMask = 2147483647;
			files = (
			);
			runOnlyForDeploymentPostprocessing = 0;
		};
		E12BC5BD2B4612CA000897E7 /* Resources */ = {
			isa = PBXResourcesBuildPhase;
			buildActionMask = 2147483647;
			files = (
			);
			runOnlyForDeploymentPostprocessing = 0;
		};
/* End PBXResourcesBuildPhase section */

/* Begin PBXSourcesBuildPhase section */
		E12BC5A02B4612C8000897E7 /* Sources */ = {
			isa = PBXSourcesBuildPhase;
			buildActionMask = 2147483647;
			files = (
				E1EC42872C645AAC0088B408 /* ListItem.swift in Sources */,
				E1CE81762C414B5000F626EC /* Alert.swift in Sources */,
				E17451642B4E11A2007F4D73 /* NetworkManager.swift in Sources */,
				E1CE81862C445C3700F626EC /* NewResource.swift in Sources */,
				E1911D5E2B4F869A0000BA2E /* Header.swift in Sources */,
				E1EC429B2C645AAC0088B408 /* LoadingView.swift in Sources */,
				E1EC42952C645AAC0088B408 /* NewResourceViewModel.swift in Sources */,
				E12BC5AA2B4612C8000897E7 /* ContentView.swift in Sources */,
				E11BEBA92C5D29F2002DE6BA /* NewResourceModel.swift in Sources */,
				E1EC42962C645AAC0088B408 /* ResyView.swift in Sources */,
				E1EC42832C645AAC0088B408 /* ContactButton.swift in Sources */,
				E1EC42972C645AAC0088B408 /* TileListView.swift in Sources */,
				E1EC428C2C645AAC0088B408 /* DetailView.swift in Sources */,
				E11BEBAD2C612DFD002DE6BA /* LocationService.swift in Sources */,
				E12BC5A82B4612C8000897E7 /* Community_Resource_FinderApp.swift in Sources */,
				E1EC42982C645AAC0088B408 /* GeocodeService.swift in Sources */,
				E16057302B51A2EA00B68BA5 /* ContactControl.swift in Sources */,
				E1B86E302C61B76A003BBE35 /* IssueReportViewModel.swift in Sources */,
				E1EC42902C645AAC0088B408 /* ListView.swift in Sources */,
				E1EC429C2C645AAC0088B408 /* RemoteImage.swift in Sources */,
				E1EC42812C645AAC0088B408 /* APError.swift in Sources */,
				E1EC42912C645AAC0088B408 /* ListViewModel.swift in Sources */,
				E17843B92BB0ADBA00E4E3CD /* MapViewModel.swift in Sources */,
				E17451592B4899E6007F4D73 /* MapView.swift in Sources */,
				E15A7A6B2B75F1840078FB03 /* DetailViewModel.swift in Sources */,
				E1B86E2E2C61B722003BBE35 /* IssueReport.swift in Sources */,
				E1EC42822C645AAC0088B408 /* CategoryListTile.swift in Sources */,
				E17451612B4CF56B007F4D73 /* CommunityResourceModel.swift in Sources */,
				E12BC5DC2B4741D6000897E7 /* largetile.swift in Sources */,
			);
			runOnlyForDeploymentPostprocessing = 0;
		};
		E12BC5B12B4612CA000897E7 /* Sources */ = {
			isa = PBXSourcesBuildPhase;
			buildActionMask = 2147483647;
			files = (
				E12BC5BA2B4612CA000897E7 /* Philly_Resource_GuideTests.swift in Sources */,
			);
			runOnlyForDeploymentPostprocessing = 0;
		};
		E12BC5BB2B4612CA000897E7 /* Sources */ = {
			isa = PBXSourcesBuildPhase;
			buildActionMask = 2147483647;
			files = (
				E12BC5C42B4612CA000897E7 /* Philly_Resource_GuideUITests.swift in Sources */,
				E12BC5C62B4612CA000897E7 /* Philly_Resource_GuideUITestsLaunchTests.swift in Sources */,
			);
			runOnlyForDeploymentPostprocessing = 0;
		};
/* End PBXSourcesBuildPhase section */

/* Begin PBXTargetDependency section */
		E12BC5B72B4612CA000897E7 /* PBXTargetDependency */ = {
			isa = PBXTargetDependency;
			target = E12BC5A32B4612C8000897E7 /* Community Resource Guide */;
			targetProxy = E12BC5B62B4612CA000897E7 /* PBXContainerItemProxy */;
		};
		E12BC5C12B4612CA000897E7 /* PBXTargetDependency */ = {
			isa = PBXTargetDependency;
			target = E12BC5A32B4612C8000897E7 /* Community Resource Guide */;
			targetProxy = E12BC5C02B4612CA000897E7 /* PBXContainerItemProxy */;
		};
/* End PBXTargetDependency section */

/* Begin XCBuildConfiguration section */
		E12BC5C72B4612CA000897E7 /* Debug */ = {
			isa = XCBuildConfiguration;
			buildSettings = {
				ALWAYS_SEARCH_USER_PATHS = NO;
				ASSETCATALOG_COMPILER_GENERATE_SWIFT_ASSET_SYMBOL_EXTENSIONS = YES;
				CLANG_ANALYZER_NONNULL = YES;
				CLANG_ANALYZER_NUMBER_OBJECT_CONVERSION = YES_AGGRESSIVE;
				CLANG_CXX_LANGUAGE_STANDARD = "gnu++20";
				CLANG_ENABLE_MODULES = YES;
				CLANG_ENABLE_OBJC_ARC = YES;
				CLANG_ENABLE_OBJC_WEAK = YES;
				CLANG_WARN_BLOCK_CAPTURE_AUTORELEASING = YES;
				CLANG_WARN_BOOL_CONVERSION = YES;
				CLANG_WARN_COMMA = YES;
				CLANG_WARN_CONSTANT_CONVERSION = YES;
				CLANG_WARN_DEPRECATED_OBJC_IMPLEMENTATIONS = YES;
				CLANG_WARN_DIRECT_OBJC_ISA_USAGE = YES_ERROR;
				CLANG_WARN_DOCUMENTATION_COMMENTS = YES;
				CLANG_WARN_EMPTY_BODY = YES;
				CLANG_WARN_ENUM_CONVERSION = YES;
				CLANG_WARN_INFINITE_RECURSION = YES;
				CLANG_WARN_INT_CONVERSION = YES;
				CLANG_WARN_NON_LITERAL_NULL_CONVERSION = YES;
				CLANG_WARN_OBJC_IMPLICIT_RETAIN_SELF = YES;
				CLANG_WARN_OBJC_LITERAL_CONVERSION = YES;
				CLANG_WARN_OBJC_ROOT_CLASS = YES_ERROR;
				CLANG_WARN_QUOTED_INCLUDE_IN_FRAMEWORK_HEADER = YES;
				CLANG_WARN_RANGE_LOOP_ANALYSIS = YES;
				CLANG_WARN_STRICT_PROTOTYPES = YES;
				CLANG_WARN_SUSPICIOUS_MOVE = YES;
				CLANG_WARN_UNGUARDED_AVAILABILITY = YES_AGGRESSIVE;
				CLANG_WARN_UNREACHABLE_CODE = YES;
				CLANG_WARN__DUPLICATE_METHOD_MATCH = YES;
				COPY_PHASE_STRIP = NO;
				DEAD_CODE_STRIPPING = YES;
				DEBUG_INFORMATION_FORMAT = dwarf;
				ENABLE_STRICT_OBJC_MSGSEND = YES;
				ENABLE_TESTABILITY = YES;
				ENABLE_USER_SCRIPT_SANDBOXING = YES;
				GCC_C_LANGUAGE_STANDARD = gnu17;
				GCC_DYNAMIC_NO_PIC = NO;
				GCC_NO_COMMON_BLOCKS = YES;
				GCC_OPTIMIZATION_LEVEL = 0;
				GCC_PREPROCESSOR_DEFINITIONS = (
					"DEBUG=1",
					"$(inherited)",
				);
				GCC_WARN_64_TO_32_BIT_CONVERSION = YES;
				GCC_WARN_ABOUT_RETURN_TYPE = YES_ERROR;
				GCC_WARN_UNDECLARED_SELECTOR = YES;
				GCC_WARN_UNINITIALIZED_AUTOS = YES_AGGRESSIVE;
				GCC_WARN_UNUSED_FUNCTION = YES;
				GCC_WARN_UNUSED_VARIABLE = YES;
				IPHONEOS_DEPLOYMENT_TARGET = 17.0;
				LOCALIZATION_PREFERS_STRING_CATALOGS = YES;
				MTL_ENABLE_DEBUG_INFO = INCLUDE_SOURCE;
				MTL_FAST_MATH = YES;
				ONLY_ACTIVE_ARCH = YES;
				SWIFT_ACTIVE_COMPILATION_CONDITIONS = "DEBUG $(inherited)";
				SWIFT_OPTIMIZATION_LEVEL = "-Onone";
			};
			name = Debug;
		};
		E12BC5C82B4612CA000897E7 /* Release */ = {
			isa = XCBuildConfiguration;
			buildSettings = {
				ALWAYS_SEARCH_USER_PATHS = NO;
				ASSETCATALOG_COMPILER_GENERATE_SWIFT_ASSET_SYMBOL_EXTENSIONS = YES;
				CLANG_ANALYZER_NONNULL = YES;
				CLANG_ANALYZER_NUMBER_OBJECT_CONVERSION = YES_AGGRESSIVE;
				CLANG_CXX_LANGUAGE_STANDARD = "gnu++20";
				CLANG_ENABLE_MODULES = YES;
				CLANG_ENABLE_OBJC_ARC = YES;
				CLANG_ENABLE_OBJC_WEAK = YES;
				CLANG_WARN_BLOCK_CAPTURE_AUTORELEASING = YES;
				CLANG_WARN_BOOL_CONVERSION = YES;
				CLANG_WARN_COMMA = YES;
				CLANG_WARN_CONSTANT_CONVERSION = YES;
				CLANG_WARN_DEPRECATED_OBJC_IMPLEMENTATIONS = YES;
				CLANG_WARN_DIRECT_OBJC_ISA_USAGE = YES_ERROR;
				CLANG_WARN_DOCUMENTATION_COMMENTS = YES;
				CLANG_WARN_EMPTY_BODY = YES;
				CLANG_WARN_ENUM_CONVERSION = YES;
				CLANG_WARN_INFINITE_RECURSION = YES;
				CLANG_WARN_INT_CONVERSION = YES;
				CLANG_WARN_NON_LITERAL_NULL_CONVERSION = YES;
				CLANG_WARN_OBJC_IMPLICIT_RETAIN_SELF = YES;
				CLANG_WARN_OBJC_LITERAL_CONVERSION = YES;
				CLANG_WARN_OBJC_ROOT_CLASS = YES_ERROR;
				CLANG_WARN_QUOTED_INCLUDE_IN_FRAMEWORK_HEADER = YES;
				CLANG_WARN_RANGE_LOOP_ANALYSIS = YES;
				CLANG_WARN_STRICT_PROTOTYPES = YES;
				CLANG_WARN_SUSPICIOUS_MOVE = YES;
				CLANG_WARN_UNGUARDED_AVAILABILITY = YES_AGGRESSIVE;
				CLANG_WARN_UNREACHABLE_CODE = YES;
				CLANG_WARN__DUPLICATE_METHOD_MATCH = YES;
				COPY_PHASE_STRIP = NO;
				DEAD_CODE_STRIPPING = YES;
				DEBUG_INFORMATION_FORMAT = "dwarf-with-dsym";
				ENABLE_NS_ASSERTIONS = NO;
				ENABLE_STRICT_OBJC_MSGSEND = YES;
				ENABLE_USER_SCRIPT_SANDBOXING = YES;
				GCC_C_LANGUAGE_STANDARD = gnu17;
				GCC_NO_COMMON_BLOCKS = YES;
				GCC_WARN_64_TO_32_BIT_CONVERSION = YES;
				GCC_WARN_ABOUT_RETURN_TYPE = YES_ERROR;
				GCC_WARN_UNDECLARED_SELECTOR = YES;
				GCC_WARN_UNINITIALIZED_AUTOS = YES_AGGRESSIVE;
				GCC_WARN_UNUSED_FUNCTION = YES;
				GCC_WARN_UNUSED_VARIABLE = YES;
				IPHONEOS_DEPLOYMENT_TARGET = 17.0;
				LOCALIZATION_PREFERS_STRING_CATALOGS = YES;
				MTL_ENABLE_DEBUG_INFO = NO;
				MTL_FAST_MATH = YES;
				SWIFT_COMPILATION_MODE = wholemodule;
			};
			name = Release;
		};
		E12BC5CA2B4612CA000897E7 /* Debug */ = {
			isa = XCBuildConfiguration;
			buildSettings = {
				ASSETCATALOG_COMPILER_APPICON_NAME = AppIcon;
				ASSETCATALOG_COMPILER_GLOBAL_ACCENT_COLOR_NAME = AccentColor;
				ASSETCATALOG_COMPILER_INCLUDE_ALL_APPICON_ASSETS = YES;
				CODE_SIGN_ENTITLEMENTS = "Philly Resource Guide/Philly_Resource_Guide.entitlements";
				"CODE_SIGN_IDENTITY[sdk=macosx*]" = "Apple Development";
				CODE_SIGN_STYLE = Automatic;
				CURRENT_PROJECT_VERSION = 1;
				DEAD_CODE_STRIPPING = YES;
				DEVELOPMENT_ASSET_PATHS = "\"Philly Resource Guide/Preview Content\"";
				DEVELOPMENT_TEAM = HSMH5RCF8L;
				ENABLE_HARDENED_RUNTIME = YES;
				ENABLE_PREVIEWS = YES;
				GENERATE_INFOPLIST_FILE = YES;
				INFOPLIST_FILE = "Community-Resource-Guide-Info.plist";
				INFOPLIST_KEY_CFBundleDisplayName = "Philly Resource Guide";
				INFOPLIST_KEY_LSApplicationCategoryType = "public.app-category.reference";
				INFOPLIST_KEY_NSLocationWhenInUseUsageDescription = "We want to show the resources relevant to your location.";
				"INFOPLIST_KEY_UIApplicationSceneManifest_Generation[sdk=iphoneos*]" = YES;
				"INFOPLIST_KEY_UIApplicationSceneManifest_Generation[sdk=iphonesimulator*]" = YES;
				"INFOPLIST_KEY_UIApplicationSupportsIndirectInputEvents[sdk=iphoneos*]" = YES;
				"INFOPLIST_KEY_UIApplicationSupportsIndirectInputEvents[sdk=iphonesimulator*]" = YES;
				"INFOPLIST_KEY_UILaunchScreen_Generation[sdk=iphoneos*]" = YES;
				"INFOPLIST_KEY_UILaunchScreen_Generation[sdk=iphonesimulator*]" = YES;
				INFOPLIST_KEY_UILaunchStoryboardName = SmallThings;
				"INFOPLIST_KEY_UIStatusBarStyle[sdk=iphoneos*]" = UIStatusBarStyleDefault;
				"INFOPLIST_KEY_UIStatusBarStyle[sdk=iphonesimulator*]" = UIStatusBarStyleDefault;
				INFOPLIST_KEY_UISupportedInterfaceOrientations_iPad = "UIInterfaceOrientationPortrait UIInterfaceOrientationPortraitUpsideDown UIInterfaceOrientationLandscapeLeft UIInterfaceOrientationLandscapeRight";
				INFOPLIST_KEY_UISupportedInterfaceOrientations_iPhone = "UIInterfaceOrientationPortrait UIInterfaceOrientationLandscapeLeft UIInterfaceOrientationLandscapeRight";
				IPHONEOS_DEPLOYMENT_TARGET = 17.0;
				LD_RUNPATH_SEARCH_PATHS = "@executable_path/Frameworks";
				"LD_RUNPATH_SEARCH_PATHS[sdk=macosx*]" = "@executable_path/../Frameworks";
				MACOSX_DEPLOYMENT_TARGET = 14.0;
				MARKETING_VERSION = 1.0;
				PRODUCT_BUNDLE_IDENTIFIER = "com.dekebowman.Philly-Resource-Guide";
				PRODUCT_NAME = "$(TARGET_NAME)";
				SDKROOT = auto;
				SUPPORTED_PLATFORMS = "iphoneos iphonesimulator macosx";
				SWIFT_EMIT_LOC_STRINGS = YES;
				SWIFT_VERSION = 5.0;
				TARGETED_DEVICE_FAMILY = "1,2";
			};
			name = Debug;
		};
		E12BC5CB2B4612CA000897E7 /* Release */ = {
			isa = XCBuildConfiguration;
			buildSettings = {
				ASSETCATALOG_COMPILER_APPICON_NAME = AppIcon;
				ASSETCATALOG_COMPILER_GLOBAL_ACCENT_COLOR_NAME = AccentColor;
				ASSETCATALOG_COMPILER_INCLUDE_ALL_APPICON_ASSETS = YES;
				CODE_SIGN_ENTITLEMENTS = "Philly Resource Guide/Philly_Resource_Guide.entitlements";
				"CODE_SIGN_IDENTITY[sdk=macosx*]" = "Apple Development";
				CODE_SIGN_STYLE = Automatic;
				CURRENT_PROJECT_VERSION = 1;
				DEAD_CODE_STRIPPING = YES;
				DEVELOPMENT_ASSET_PATHS = "\"Philly Resource Guide/Preview Content\"";
				DEVELOPMENT_TEAM = HSMH5RCF8L;
				ENABLE_HARDENED_RUNTIME = YES;
				ENABLE_PREVIEWS = YES;
				GENERATE_INFOPLIST_FILE = YES;
				INFOPLIST_FILE = "Community-Resource-Guide-Info.plist";
				INFOPLIST_KEY_CFBundleDisplayName = "Philly Resource Guide";
				INFOPLIST_KEY_LSApplicationCategoryType = "public.app-category.reference";
				INFOPLIST_KEY_NSLocationWhenInUseUsageDescription = "We want to show the resources relevant to your location.";
				"INFOPLIST_KEY_UIApplicationSceneManifest_Generation[sdk=iphoneos*]" = YES;
				"INFOPLIST_KEY_UIApplicationSceneManifest_Generation[sdk=iphonesimulator*]" = YES;
				"INFOPLIST_KEY_UIApplicationSupportsIndirectInputEvents[sdk=iphoneos*]" = YES;
				"INFOPLIST_KEY_UIApplicationSupportsIndirectInputEvents[sdk=iphonesimulator*]" = YES;
				"INFOPLIST_KEY_UILaunchScreen_Generation[sdk=iphoneos*]" = YES;
				"INFOPLIST_KEY_UILaunchScreen_Generation[sdk=iphonesimulator*]" = YES;
				INFOPLIST_KEY_UILaunchStoryboardName = SmallThings;
				"INFOPLIST_KEY_UIStatusBarStyle[sdk=iphoneos*]" = UIStatusBarStyleDefault;
				"INFOPLIST_KEY_UIStatusBarStyle[sdk=iphonesimulator*]" = UIStatusBarStyleDefault;
				INFOPLIST_KEY_UISupportedInterfaceOrientations_iPad = "UIInterfaceOrientationPortrait UIInterfaceOrientationPortraitUpsideDown UIInterfaceOrientationLandscapeLeft UIInterfaceOrientationLandscapeRight";
				INFOPLIST_KEY_UISupportedInterfaceOrientations_iPhone = "UIInterfaceOrientationPortrait UIInterfaceOrientationLandscapeLeft UIInterfaceOrientationLandscapeRight";
				IPHONEOS_DEPLOYMENT_TARGET = 17.0;
				LD_RUNPATH_SEARCH_PATHS = "@executable_path/Frameworks";
				"LD_RUNPATH_SEARCH_PATHS[sdk=macosx*]" = "@executable_path/../Frameworks";
				MACOSX_DEPLOYMENT_TARGET = 14.0;
				MARKETING_VERSION = 1.0;
				PRODUCT_BUNDLE_IDENTIFIER = "com.dekebowman.Philly-Resource-Guide";
				PRODUCT_NAME = "$(TARGET_NAME)";
				SDKROOT = auto;
				SUPPORTED_PLATFORMS = "iphoneos iphonesimulator macosx";
				SWIFT_EMIT_LOC_STRINGS = YES;
				SWIFT_VERSION = 5.0;
				TARGETED_DEVICE_FAMILY = "1,2";
			};
			name = Release;
		};
		E12BC5CD2B4612CA000897E7 /* Debug */ = {
			isa = XCBuildConfiguration;
			buildSettings = {
				ALWAYS_EMBED_SWIFT_STANDARD_LIBRARIES = YES;
				BUNDLE_LOADER = "$(TEST_HOST)";
				CODE_SIGN_STYLE = Automatic;
				CURRENT_PROJECT_VERSION = 1;
				DEAD_CODE_STRIPPING = YES;
				DEVELOPMENT_TEAM = HSMH5RCF8L;
				GENERATE_INFOPLIST_FILE = YES;
				IPHONEOS_DEPLOYMENT_TARGET = 17.0;
				MACOSX_DEPLOYMENT_TARGET = 14.0;
				MARKETING_VERSION = 1.0;
				PRODUCT_BUNDLE_IDENTIFIER = "com.dekebowman.Philly-Resource-GuideTests";
				PRODUCT_NAME = "$(TARGET_NAME)";
				SDKROOT = auto;
				SUPPORTED_PLATFORMS = "iphoneos iphonesimulator macosx";
				SWIFT_EMIT_LOC_STRINGS = NO;
				SWIFT_VERSION = 5.0;
				TARGETED_DEVICE_FAMILY = "1,2";
				TEST_HOST = "$(BUILT_PRODUCTS_DIR)/Community Resource Guide.app/$(BUNDLE_EXECUTABLE_FOLDER_PATH)/Community Resource Guide";
			};
			name = Debug;
		};
		E12BC5CE2B4612CA000897E7 /* Release */ = {
			isa = XCBuildConfiguration;
			buildSettings = {
				ALWAYS_EMBED_SWIFT_STANDARD_LIBRARIES = YES;
				BUNDLE_LOADER = "$(TEST_HOST)";
				CODE_SIGN_STYLE = Automatic;
				CURRENT_PROJECT_VERSION = 1;
				DEAD_CODE_STRIPPING = YES;
				DEVELOPMENT_TEAM = HSMH5RCF8L;
				GENERATE_INFOPLIST_FILE = YES;
				IPHONEOS_DEPLOYMENT_TARGET = 17.0;
				MACOSX_DEPLOYMENT_TARGET = 14.0;
				MARKETING_VERSION = 1.0;
				PRODUCT_BUNDLE_IDENTIFIER = "com.dekebowman.Philly-Resource-GuideTests";
				PRODUCT_NAME = "$(TARGET_NAME)";
				SDKROOT = auto;
				SUPPORTED_PLATFORMS = "iphoneos iphonesimulator macosx";
				SWIFT_EMIT_LOC_STRINGS = NO;
				SWIFT_VERSION = 5.0;
				TARGETED_DEVICE_FAMILY = "1,2";
				TEST_HOST = "$(BUILT_PRODUCTS_DIR)/Community Resource Guide.app/$(BUNDLE_EXECUTABLE_FOLDER_PATH)/Community Resource Guide";
			};
			name = Release;
		};
		E12BC5D02B4612CA000897E7 /* Debug */ = {
			isa = XCBuildConfiguration;
			buildSettings = {
				ALWAYS_EMBED_SWIFT_STANDARD_LIBRARIES = YES;
				CODE_SIGN_STYLE = Automatic;
				CURRENT_PROJECT_VERSION = 1;
				DEAD_CODE_STRIPPING = YES;
				DEVELOPMENT_TEAM = HSMH5RCF8L;
				GENERATE_INFOPLIST_FILE = YES;
				IPHONEOS_DEPLOYMENT_TARGET = 17.0;
				MACOSX_DEPLOYMENT_TARGET = 14.0;
				MARKETING_VERSION = 1.0;
				PRODUCT_BUNDLE_IDENTIFIER = "com.dekebowman.Philly-Resource-GuideUITests";
				PRODUCT_NAME = "$(TARGET_NAME)";
				SDKROOT = auto;
				SUPPORTED_PLATFORMS = "iphoneos iphonesimulator macosx";
				SWIFT_EMIT_LOC_STRINGS = NO;
				SWIFT_VERSION = 5.0;
				TARGETED_DEVICE_FAMILY = "1,2";
				TEST_TARGET_NAME = "Community Resource Guide";
			};
			name = Debug;
		};
		E12BC5D12B4612CA000897E7 /* Release */ = {
			isa = XCBuildConfiguration;
			buildSettings = {
				ALWAYS_EMBED_SWIFT_STANDARD_LIBRARIES = YES;
				CODE_SIGN_STYLE = Automatic;
				CURRENT_PROJECT_VERSION = 1;
				DEAD_CODE_STRIPPING = YES;
				DEVELOPMENT_TEAM = HSMH5RCF8L;
				GENERATE_INFOPLIST_FILE = YES;
				IPHONEOS_DEPLOYMENT_TARGET = 17.0;
				MACOSX_DEPLOYMENT_TARGET = 14.0;
				MARKETING_VERSION = 1.0;
				PRODUCT_BUNDLE_IDENTIFIER = "com.dekebowman.Philly-Resource-GuideUITests";
				PRODUCT_NAME = "$(TARGET_NAME)";
				SDKROOT = auto;
				SUPPORTED_PLATFORMS = "iphoneos iphonesimulator macosx";
				SWIFT_EMIT_LOC_STRINGS = NO;
				SWIFT_VERSION = 5.0;
				TARGETED_DEVICE_FAMILY = "1,2";
				TEST_TARGET_NAME = "Community Resource Guide";
			};
			name = Release;
		};
/* End XCBuildConfiguration section */

/* Begin XCConfigurationList section */
		E12BC59F2B4612C8000897E7 /* Build configuration list for PBXProject "Philly Resource Guide" */ = {
			isa = XCConfigurationList;
			buildConfigurations = (
				E12BC5C72B4612CA000897E7 /* Debug */,
				E12BC5C82B4612CA000897E7 /* Release */,
			);
			defaultConfigurationIsVisible = 0;
			defaultConfigurationName = Release;
		};
		E12BC5C92B4612CA000897E7 /* Build configuration list for PBXNativeTarget "Community Resource Guide" */ = {
			isa = XCConfigurationList;
			buildConfigurations = (
				E12BC5CA2B4612CA000897E7 /* Debug */,
				E12BC5CB2B4612CA000897E7 /* Release */,
			);
			defaultConfigurationIsVisible = 0;
			defaultConfigurationName = Release;
		};
		E12BC5CC2B4612CA000897E7 /* Build configuration list for PBXNativeTarget "Community Resource GuideTests" */ = {
			isa = XCConfigurationList;
			buildConfigurations = (
				E12BC5CD2B4612CA000897E7 /* Debug */,
				E12BC5CE2B4612CA000897E7 /* Release */,
			);
			defaultConfigurationIsVisible = 0;
			defaultConfigurationName = Release;
		};
		E12BC5CF2B4612CA000897E7 /* Build configuration list for PBXNativeTarget "Community Resource GuideUITests" */ = {
			isa = XCConfigurationList;
			buildConfigurations = (
				E12BC5D02B4612CA000897E7 /* Debug */,
				E12BC5D12B4612CA000897E7 /* Release */,
			);
			defaultConfigurationIsVisible = 0;
			defaultConfigurationName = Release;
		};
/* End XCConfigurationList section */
	};
	rootObject = E12BC59C2B4612C8000897E7 /* Project object */;
}
